// !$*UTF8*$!
{
	archiveVersion = 1;
	classes = {
	};
	objectVersion = 56;
	objects = {

/* Begin PBXBuildFile section */
		E41852942A9766A700FE810E /* AppDelegate.swift in Sources */ = {isa = PBXBuildFile; fileRef = E41852932A9766A700FE810E /* AppDelegate.swift */; };
		E41852962A9766A700FE810E /* SceneDelegate.swift in Sources */ = {isa = PBXBuildFile; fileRef = E41852952A9766A700FE810E /* SceneDelegate.swift */; };
		E41852982A9766A700FE810E /* MainViewController.swift in Sources */ = {isa = PBXBuildFile; fileRef = E41852972A9766A700FE810E /* MainViewController.swift */; };
		E418529E2A9766A700FE810E /* FullOfLife.xcdatamodeld in Sources */ = {isa = PBXBuildFile; fileRef = E418529C2A9766A700FE810E /* FullOfLife.xcdatamodeld */; };
		E41852A02A9766A900FE810E /* Assets.xcassets in Resources */ = {isa = PBXBuildFile; fileRef = E418529F2A9766A900FE810E /* Assets.xcassets */; };
		E41852A32A9766A900FE810E /* LaunchScreen.storyboard in Resources */ = {isa = PBXBuildFile; fileRef = E41852A12A9766A900FE810E /* LaunchScreen.storyboard */; };
		E41852AE2A9766A900FE810E /* FullOfLifeTests.swift in Sources */ = {isa = PBXBuildFile; fileRef = E41852AD2A9766A900FE810E /* FullOfLifeTests.swift */; };
		E41852B82A9766A900FE810E /* FullOfLifeUITests.swift in Sources */ = {isa = PBXBuildFile; fileRef = E41852B72A9766A900FE810E /* FullOfLifeUITests.swift */; };
		E41852BA2A9766A900FE810E /* FullOfLifeUITestsLaunchTests.swift in Sources */ = {isa = PBXBuildFile; fileRef = E41852B92A9766A900FE810E /* FullOfLifeUITestsLaunchTests.swift */; };
/* End PBXBuildFile section */

/* Begin PBXContainerItemProxy section */
		E41852AA2A9766A900FE810E /* PBXContainerItemProxy */ = {
			isa = PBXContainerItemProxy;
			containerPortal = E41852882A9766A700FE810E /* Project object */;
			proxyType = 1;
			remoteGlobalIDString = E418528F2A9766A700FE810E;
			remoteInfo = FullOfLife;
		};
		E41852B42A9766A900FE810E /* PBXContainerItemProxy */ = {
			isa = PBXContainerItemProxy;
			containerPortal = E41852882A9766A700FE810E /* Project object */;
			proxyType = 1;
			remoteGlobalIDString = E418528F2A9766A700FE810E;
			remoteInfo = FullOfLife;
		};
/* End PBXContainerItemProxy section */

/* Begin PBXFileReference section */
		E41852902A9766A700FE810E /* FullOfLife.app */ = {isa = PBXFileReference; explicitFileType = wrapper.application; includeInIndex = 0; path = FullOfLife.app; sourceTree = BUILT_PRODUCTS_DIR; };
		E41852932A9766A700FE810E /* AppDelegate.swift */ = {isa = PBXFileReference; lastKnownFileType = sourcecode.swift; path = AppDelegate.swift; sourceTree = "<group>"; };
		E41852952A9766A700FE810E /* SceneDelegate.swift */ = {isa = PBXFileReference; lastKnownFileType = sourcecode.swift; path = SceneDelegate.swift; sourceTree = "<group>"; };
		E41852972A9766A700FE810E /* MainViewController.swift */ = {isa = PBXFileReference; lastKnownFileType = sourcecode.swift; path = MainViewController.swift; sourceTree = "<group>"; };
		E418529D2A9766A700FE810E /* FullOfLife.xcdatamodel */ = {isa = PBXFileReference; lastKnownFileType = wrapper.xcdatamodel; path = FullOfLife.xcdatamodel; sourceTree = "<group>"; };
		E418529F2A9766A900FE810E /* Assets.xcassets */ = {isa = PBXFileReference; lastKnownFileType = folder.assetcatalog; path = Assets.xcassets; sourceTree = "<group>"; };
		E41852A22A9766A900FE810E /* Base */ = {isa = PBXFileReference; lastKnownFileType = file.storyboard; name = Base; path = Base.lproj/LaunchScreen.storyboard; sourceTree = "<group>"; };
		E41852A42A9766A900FE810E /* Info.plist */ = {isa = PBXFileReference; lastKnownFileType = text.plist.xml; path = Info.plist; sourceTree = "<group>"; };
		E41852A92A9766A900FE810E /* FullOfLifeTests.xctest */ = {isa = PBXFileReference; explicitFileType = wrapper.cfbundle; includeInIndex = 0; path = FullOfLifeTests.xctest; sourceTree = BUILT_PRODUCTS_DIR; };
		E41852AD2A9766A900FE810E /* FullOfLifeTests.swift */ = {isa = PBXFileReference; lastKnownFileType = sourcecode.swift; path = FullOfLifeTests.swift; sourceTree = "<group>"; };
		E41852B32A9766A900FE810E /* FullOfLifeUITests.xctest */ = {isa = PBXFileReference; explicitFileType = wrapper.cfbundle; includeInIndex = 0; path = FullOfLifeUITests.xctest; sourceTree = BUILT_PRODUCTS_DIR; };
		E41852B72A9766A900FE810E /* FullOfLifeUITests.swift */ = {isa = PBXFileReference; lastKnownFileType = sourcecode.swift; path = FullOfLifeUITests.swift; sourceTree = "<group>"; };
		E41852B92A9766A900FE810E /* FullOfLifeUITestsLaunchTests.swift */ = {isa = PBXFileReference; lastKnownFileType = sourcecode.swift; path = FullOfLifeUITestsLaunchTests.swift; sourceTree = "<group>"; };
/* End PBXFileReference section */

/* Begin PBXFrameworksBuildPhase section */
		E418528D2A9766A700FE810E /* Frameworks */ = {
			isa = PBXFrameworksBuildPhase;
			buildActionMask = 2147483647;
			files = (
			);
			runOnlyForDeploymentPostprocessing = 0;
		};
		E41852A62A9766A900FE810E /* Frameworks */ = {
			isa = PBXFrameworksBuildPhase;
			buildActionMask = 2147483647;
			files = (
			);
			runOnlyForDeploymentPostprocessing = 0;
		};
		E41852B02A9766A900FE810E /* Frameworks */ = {
			isa = PBXFrameworksBuildPhase;
			buildActionMask = 2147483647;
			files = (
			);
			runOnlyForDeploymentPostprocessing = 0;
		};
/* End PBXFrameworksBuildPhase section */

/* Begin PBXGroup section */
		E41852872A9766A700FE810E = {
			isa = PBXGroup;
			children = (
				E41852922A9766A700FE810E /* FullOfLife */,
				E41852AC2A9766A900FE810E /* FullOfLifeTests */,
				E41852B62A9766A900FE810E /* FullOfLifeUITests */,
				E41852912A9766A700FE810E /* Products */,
			);
			sourceTree = "<group>";
		};
		E41852912A9766A700FE810E /* Products */ = {
			isa = PBXGroup;
			children = (
				E41852902A9766A700FE810E /* FullOfLife.app */,
				E41852A92A9766A900FE810E /* FullOfLifeTests.xctest */,
				E41852B32A9766A900FE810E /* FullOfLifeUITests.xctest */,
			);
			name = Products;
			sourceTree = "<group>";
		};
		E41852922A9766A700FE810E /* FullOfLife */ = {
			isa = PBXGroup;
			children = (
				E47BB5702A97754200AA2D79 /* App */,
				E47BB5742A97763100AA2D79 /* Main */,
				E47BB5732A97759C00AA2D79 /* Models */,
				E47BB5722A97758F00AA2D79 /* Storyboards */,
				E47BB5712A97756900AA2D79 /* Resources */,
			);
			path = FullOfLife;
			sourceTree = "<group>";
		};
		E41852AC2A9766A900FE810E /* FullOfLifeTests */ = {
			isa = PBXGroup;
			children = (
				E41852AD2A9766A900FE810E /* FullOfLifeTests.swift */,
			);
			path = FullOfLifeTests;
			sourceTree = "<group>";
		};
		E41852B62A9766A900FE810E /* FullOfLifeUITests */ = {
			isa = PBXGroup;
			children = (
				E41852B72A9766A900FE810E /* FullOfLifeUITests.swift */,
				E41852B92A9766A900FE810E /* FullOfLifeUITestsLaunchTests.swift */,
			);
			path = FullOfLifeUITests;
			sourceTree = "<group>";
		};
		E47BB5702A97754200AA2D79 /* App */ = {
			isa = PBXGroup;
			children = (
				E41852932A9766A700FE810E /* AppDelegate.swift */,
				E41852952A9766A700FE810E /* SceneDelegate.swift */,
				E41852A42A9766A900FE810E /* Info.plist */,
			);
			path = App;
			sourceTree = "<group>";
		};
		E47BB5712A97756900AA2D79 /* Resources */ = {
			isa = PBXGroup;
			children = (
				E418529F2A9766A900FE810E /* Assets.xcassets */,
			);
			path = Resources;
			sourceTree = "<group>";
		};
		E47BB5722A97758F00AA2D79 /* Storyboards */ = {
			isa = PBXGroup;
			children = (
				E41852A12A9766A900FE810E /* LaunchScreen.storyboard */,
			);
			path = Storyboards;
			sourceTree = "<group>";
		};
		E47BB5732A97759C00AA2D79 /* Models */ = {
			isa = PBXGroup;
			children = (
				E418529C2A9766A700FE810E /* FullOfLife.xcdatamodeld */,
			);
			path = Models;
			sourceTree = "<group>";
		};
		E47BB5742A97763100AA2D79 /* Main */ = {
			isa = PBXGroup;
			children = (
				E41852972A9766A700FE810E /* MainViewController.swift */,
			);
			path = Main;
			sourceTree = "<group>";
		};
/* End PBXGroup section */

/* Begin PBXNativeTarget section */
		E418528F2A9766A700FE810E /* FullOfLife */ = {
			isa = PBXNativeTarget;
			buildConfigurationList = E41852BD2A9766A900FE810E /* Build configuration list for PBXNativeTarget "FullOfLife" */;
			buildPhases = (
				E418528C2A9766A700FE810E /* Sources */,
				E418528D2A9766A700FE810E /* Frameworks */,
				E418528E2A9766A700FE810E /* Resources */,
			);
			buildRules = (
			);
			dependencies = (
			);
			name = FullOfLife;
			productName = FullOfLife;
			productReference = E41852902A9766A700FE810E /* FullOfLife.app */;
			productType = "com.apple.product-type.application";
		};
		E41852A82A9766A900FE810E /* FullOfLifeTests */ = {
			isa = PBXNativeTarget;
			buildConfigurationList = E41852C02A9766A900FE810E /* Build configuration list for PBXNativeTarget "FullOfLifeTests" */;
			buildPhases = (
				E41852A52A9766A900FE810E /* Sources */,
				E41852A62A9766A900FE810E /* Frameworks */,
				E41852A72A9766A900FE810E /* Resources */,
			);
			buildRules = (
			);
			dependencies = (
				E41852AB2A9766A900FE810E /* PBXTargetDependency */,
			);
			name = FullOfLifeTests;
			productName = FullOfLifeTests;
			productReference = E41852A92A9766A900FE810E /* FullOfLifeTests.xctest */;
			productType = "com.apple.product-type.bundle.unit-test";
		};
		E41852B22A9766A900FE810E /* FullOfLifeUITests */ = {
			isa = PBXNativeTarget;
			buildConfigurationList = E41852C32A9766A900FE810E /* Build configuration list for PBXNativeTarget "FullOfLifeUITests" */;
			buildPhases = (
				E41852AF2A9766A900FE810E /* Sources */,
				E41852B02A9766A900FE810E /* Frameworks */,
				E41852B12A9766A900FE810E /* Resources */,
			);
			buildRules = (
			);
			dependencies = (
				E41852B52A9766A900FE810E /* PBXTargetDependency */,
			);
			name = FullOfLifeUITests;
			productName = FullOfLifeUITests;
			productReference = E41852B32A9766A900FE810E /* FullOfLifeUITests.xctest */;
			productType = "com.apple.product-type.bundle.ui-testing";
		};
/* End PBXNativeTarget section */

/* Begin PBXProject section */
		E41852882A9766A700FE810E /* Project object */ = {
			isa = PBXProject;
			attributes = {
				BuildIndependentTargetsInParallel = 1;
				LastSwiftUpdateCheck = 1430;
				LastUpgradeCheck = 1430;
				TargetAttributes = {
					E418528F2A9766A700FE810E = {
						CreatedOnToolsVersion = 14.3.1;
					};
					E41852A82A9766A900FE810E = {
						CreatedOnToolsVersion = 14.3.1;
						TestTargetID = E418528F2A9766A700FE810E;
					};
					E41852B22A9766A900FE810E = {
						CreatedOnToolsVersion = 14.3.1;
						TestTargetID = E418528F2A9766A700FE810E;
					};
				};
			};
			buildConfigurationList = E418528B2A9766A700FE810E /* Build configuration list for PBXProject "FullOfLife" */;
			compatibilityVersion = "Xcode 14.0";
			developmentRegion = en;
			hasScannedForEncodings = 0;
			knownRegions = (
				en,
				Base,
			);
			mainGroup = E41852872A9766A700FE810E;
			productRefGroup = E41852912A9766A700FE810E /* Products */;
			projectDirPath = "";
			projectRoot = "";
			targets = (
				E418528F2A9766A700FE810E /* FullOfLife */,
				E41852A82A9766A900FE810E /* FullOfLifeTests */,
				E41852B22A9766A900FE810E /* FullOfLifeUITests */,
			);
		};
/* End PBXProject section */

/* Begin PBXResourcesBuildPhase section */
		E418528E2A9766A700FE810E /* Resources */ = {
			isa = PBXResourcesBuildPhase;
			buildActionMask = 2147483647;
			files = (
				E41852A32A9766A900FE810E /* LaunchScreen.storyboard in Resources */,
				E41852A02A9766A900FE810E /* Assets.xcassets in Resources */,
			);
			runOnlyForDeploymentPostprocessing = 0;
		};
		E41852A72A9766A900FE810E /* Resources */ = {
			isa = PBXResourcesBuildPhase;
			buildActionMask = 2147483647;
			files = (
			);
			runOnlyForDeploymentPostprocessing = 0;
		};
		E41852B12A9766A900FE810E /* Resources */ = {
			isa = PBXResourcesBuildPhase;
			buildActionMask = 2147483647;
			files = (
			);
			runOnlyForDeploymentPostprocessing = 0;
		};
/* End PBXResourcesBuildPhase section */

/* Begin PBXSourcesBuildPhase section */
		E418528C2A9766A700FE810E /* Sources */ = {
			isa = PBXSourcesBuildPhase;
			buildActionMask = 2147483647;
			files = (
				E41852982A9766A700FE810E /* MainViewController.swift in Sources */,
				E41852942A9766A700FE810E /* AppDelegate.swift in Sources */,
				E41852962A9766A700FE810E /* SceneDelegate.swift in Sources */,
				E418529E2A9766A700FE810E /* FullOfLife.xcdatamodeld in Sources */,
			);
			runOnlyForDeploymentPostprocessing = 0;
		};
		E41852A52A9766A900FE810E /* Sources */ = {
			isa = PBXSourcesBuildPhase;
			buildActionMask = 2147483647;
			files = (
				E41852AE2A9766A900FE810E /* FullOfLifeTests.swift in Sources */,
			);
			runOnlyForDeploymentPostprocessing = 0;
		};
		E41852AF2A9766A900FE810E /* Sources */ = {
			isa = PBXSourcesBuildPhase;
			buildActionMask = 2147483647;
			files = (
				E41852BA2A9766A900FE810E /* FullOfLifeUITestsLaunchTests.swift in Sources */,
				E41852B82A9766A900FE810E /* FullOfLifeUITests.swift in Sources */,
			);
			runOnlyForDeploymentPostprocessing = 0;
		};
/* End PBXSourcesBuildPhase section */

/* Begin PBXTargetDependency section */
		E41852AB2A9766A900FE810E /* PBXTargetDependency */ = {
			isa = PBXTargetDependency;
			target = E418528F2A9766A700FE810E /* FullOfLife */;
			targetProxy = E41852AA2A9766A900FE810E /* PBXContainerItemProxy */;
		};
		E41852B52A9766A900FE810E /* PBXTargetDependency */ = {
			isa = PBXTargetDependency;
			target = E418528F2A9766A700FE810E /* FullOfLife */;
			targetProxy = E41852B42A9766A900FE810E /* PBXContainerItemProxy */;
		};
/* End PBXTargetDependency section */

/* Begin PBXVariantGroup section */
		E41852A12A9766A900FE810E /* LaunchScreen.storyboard */ = {
			isa = PBXVariantGroup;
			children = (
				E41852A22A9766A900FE810E /* Base */,
			);
			name = LaunchScreen.storyboard;
			sourceTree = "<group>";
		};
/* End PBXVariantGroup section */

/* Begin XCBuildConfiguration section */
		E41852BB2A9766A900FE810E /* Debug */ = {
			isa = XCBuildConfiguration;
			buildSettings = {
				ALWAYS_SEARCH_USER_PATHS = NO;
				CLANG_ANALYZER_NONNULL = YES;
				CLANG_ANALYZER_NUMBER_OBJECT_CONVERSION = YES_AGGRESSIVE;
				CLANG_CXX_LANGUAGE_STANDARD = "gnu++20";
				CLANG_ENABLE_MODULES = YES;
				CLANG_ENABLE_OBJC_ARC = YES;
				CLANG_ENABLE_OBJC_WEAK = YES;
				CLANG_WARN_BLOCK_CAPTURE_AUTORELEASING = YES;
				CLANG_WARN_BOOL_CONVERSION = YES;
				CLANG_WARN_COMMA = YES;
				CLANG_WARN_CONSTANT_CONVERSION = YES;
				CLANG_WARN_DEPRECATED_OBJC_IMPLEMENTATIONS = YES;
				CLANG_WARN_DIRECT_OBJC_ISA_USAGE = YES_ERROR;
				CLANG_WARN_DOCUMENTATION_COMMENTS = YES;
				CLANG_WARN_EMPTY_BODY = YES;
				CLANG_WARN_ENUM_CONVERSION = YES;
				CLANG_WARN_INFINITE_RECURSION = YES;
				CLANG_WARN_INT_CONVERSION = YES;
				CLANG_WARN_NON_LITERAL_NULL_CONVERSION = YES;
				CLANG_WARN_OBJC_IMPLICIT_RETAIN_SELF = YES;
				CLANG_WARN_OBJC_LITERAL_CONVERSION = YES;
				CLANG_WARN_OBJC_ROOT_CLASS = YES_ERROR;
				CLANG_WARN_QUOTED_INCLUDE_IN_FRAMEWORK_HEADER = YES;
				CLANG_WARN_RANGE_LOOP_ANALYSIS = YES;
				CLANG_WARN_STRICT_PROTOTYPES = YES;
				CLANG_WARN_SUSPICIOUS_MOVE = YES;
				CLANG_WARN_UNGUARDED_AVAILABILITY = YES_AGGRESSIVE;
				CLANG_WARN_UNREACHABLE_CODE = YES;
				CLANG_WARN__DUPLICATE_METHOD_MATCH = YES;
				COPY_PHASE_STRIP = NO;
				DEBUG_INFORMATION_FORMAT = dwarf;
				ENABLE_STRICT_OBJC_MSGSEND = YES;
				ENABLE_TESTABILITY = YES;
				GCC_C_LANGUAGE_STANDARD = gnu11;
				GCC_DYNAMIC_NO_PIC = NO;
				GCC_NO_COMMON_BLOCKS = YES;
				GCC_OPTIMIZATION_LEVEL = 0;
				GCC_PREPROCESSOR_DEFINITIONS = (
					"DEBUG=1",
					"$(inherited)",
				);
				GCC_WARN_64_TO_32_BIT_CONVERSION = YES;
				GCC_WARN_ABOUT_RETURN_TYPE = YES_ERROR;
				GCC_WARN_UNDECLARED_SELECTOR = YES;
				GCC_WARN_UNINITIALIZED_AUTOS = YES_AGGRESSIVE;
				GCC_WARN_UNUSED_FUNCTION = YES;
				GCC_WARN_UNUSED_VARIABLE = YES;
				IPHONEOS_DEPLOYMENT_TARGET = 13.0;
				MTL_ENABLE_DEBUG_INFO = INCLUDE_SOURCE;
				MTL_FAST_MATH = YES;
				ONLY_ACTIVE_ARCH = YES;
				SDKROOT = iphoneos;
				SWIFT_ACTIVE_COMPILATION_CONDITIONS = DEBUG;
				SWIFT_OPTIMIZATION_LEVEL = "-Onone";
			};
			name = Debug;
		};
		E41852BC2A9766A900FE810E /* Release */ = {
			isa = XCBuildConfiguration;
			buildSettings = {
				ALWAYS_SEARCH_USER_PATHS = NO;
				CLANG_ANALYZER_NONNULL = YES;
				CLANG_ANALYZER_NUMBER_OBJECT_CONVERSION = YES_AGGRESSIVE;
				CLANG_CXX_LANGUAGE_STANDARD = "gnu++20";
				CLANG_ENABLE_MODULES = YES;
				CLANG_ENABLE_OBJC_ARC = YES;
				CLANG_ENABLE_OBJC_WEAK = YES;
				CLANG_WARN_BLOCK_CAPTURE_AUTORELEASING = YES;
				CLANG_WARN_BOOL_CONVERSION = YES;
				CLANG_WARN_COMMA = YES;
				CLANG_WARN_CONSTANT_CONVERSION = YES;
				CLANG_WARN_DEPRECATED_OBJC_IMPLEMENTATIONS = YES;
				CLANG_WARN_DIRECT_OBJC_ISA_USAGE = YES_ERROR;
				CLANG_WARN_DOCUMENTATION_COMMENTS = YES;
				CLANG_WARN_EMPTY_BODY = YES;
				CLANG_WARN_ENUM_CONVERSION = YES;
				CLANG_WARN_INFINITE_RECURSION = YES;
				CLANG_WARN_INT_CONVERSION = YES;
				CLANG_WARN_NON_LITERAL_NULL_CONVERSION = YES;
				CLANG_WARN_OBJC_IMPLICIT_RETAIN_SELF = YES;
				CLANG_WARN_OBJC_LITERAL_CONVERSION = YES;
				CLANG_WARN_OBJC_ROOT_CLASS = YES_ERROR;
				CLANG_WARN_QUOTED_INCLUDE_IN_FRAMEWORK_HEADER = YES;
				CLANG_WARN_RANGE_LOOP_ANALYSIS = YES;
				CLANG_WARN_STRICT_PROTOTYPES = YES;
				CLANG_WARN_SUSPICIOUS_MOVE = YES;
				CLANG_WARN_UNGUARDED_AVAILABILITY = YES_AGGRESSIVE;
				CLANG_WARN_UNREACHABLE_CODE = YES;
				CLANG_WARN__DUPLICATE_METHOD_MATCH = YES;
				COPY_PHASE_STRIP = NO;
				DEBUG_INFORMATION_FORMAT = "dwarf-with-dsym";
				ENABLE_NS_ASSERTIONS = NO;
				ENABLE_STRICT_OBJC_MSGSEND = YES;
				GCC_C_LANGUAGE_STANDARD = gnu11;
				GCC_NO_COMMON_BLOCKS = YES;
				GCC_WARN_64_TO_32_BIT_CONVERSION = YES;
				GCC_WARN_ABOUT_RETURN_TYPE = YES_ERROR;
				GCC_WARN_UNDECLARED_SELECTOR = YES;
				GCC_WARN_UNINITIALIZED_AUTOS = YES_AGGRESSIVE;
				GCC_WARN_UNUSED_FUNCTION = YES;
				GCC_WARN_UNUSED_VARIABLE = YES;
				IPHONEOS_DEPLOYMENT_TARGET = 13.0;
				MTL_ENABLE_DEBUG_INFO = NO;
				MTL_FAST_MATH = YES;
				SDKROOT = iphoneos;
				SWIFT_COMPILATION_MODE = wholemodule;
				SWIFT_OPTIMIZATION_LEVEL = "-O";
				VALIDATE_PRODUCT = YES;
			};
			name = Release;
		};
		E41852BE2A9766A900FE810E /* Debug */ = {
			isa = XCBuildConfiguration;
			buildSettings = {
				ASSETCATALOG_COMPILER_APPICON_NAME = AppIcon;
				ASSETCATALOG_COMPILER_GLOBAL_ACCENT_COLOR_NAME = AccentColor;
				CODE_SIGN_STYLE = Automatic;
				CURRENT_PROJECT_VERSION = 1;
				DEVELOPMENT_TEAM = X7QDNJU74Z;
				GENERATE_INFOPLIST_FILE = YES;
				INFOPLIST_FILE = FullOfLife/App/Info.plist;
				INFOPLIST_KEY_UIApplicationSupportsIndirectInputEvents = YES;
				INFOPLIST_KEY_UILaunchStoryboardName = LaunchScreen;
				INFOPLIST_KEY_UISupportedInterfaceOrientations = UIInterfaceOrientationPortrait;
				IPHONEOS_DEPLOYMENT_TARGET = 13.0;
				LD_RUNPATH_SEARCH_PATHS = (
					"$(inherited)",
					"@executable_path/Frameworks",
				);
				MARKETING_VERSION = 0.1;
				PRODUCT_BUNDLE_IDENTIFIER = "Ruslan-Shigapov.FullOfLife";
				PRODUCT_NAME = "$(TARGET_NAME)";
				SUPPORTED_PLATFORMS = "iphoneos iphonesimulator";
				SUPPORTS_MACCATALYST = NO;
				SUPPORTS_MAC_DESIGNED_FOR_IPHONE_IPAD = NO;
				SWIFT_EMIT_LOC_STRINGS = YES;
				SWIFT_VERSION = 5.0;
				TARGETED_DEVICE_FAMILY = 1;
			};
			name = Debug;
		};
		E41852BF2A9766A900FE810E /* Release */ = {
			isa = XCBuildConfiguration;
			buildSettings = {
				ASSETCATALOG_COMPILER_APPICON_NAME = AppIcon;
				ASSETCATALOG_COMPILER_GLOBAL_ACCENT_COLOR_NAME = AccentColor;
				CODE_SIGN_STYLE = Automatic;
				CURRENT_PROJECT_VERSION = 1;
				DEVELOPMENT_TEAM = X7QDNJU74Z;
				GENERATE_INFOPLIST_FILE = YES;
				INFOPLIST_FILE = FullOfLife/App/Info.plist;
				INFOPLIST_KEY_UIApplicationSupportsIndirectInputEvents = YES;
				INFOPLIST_KEY_UILaunchStoryboardName = LaunchScreen;
				INFOPLIST_KEY_UISupportedInterfaceOrientations = UIInterfaceOrientationPortrait;
				IPHONEOS_DEPLOYMENT_TARGET = 13.0;
				LD_RUNPATH_SEARCH_PATHS = (
					"$(inherited)",
					"@executable_path/Frameworks",
				);
				MARKETING_VERSION = 0.1;
				PRODUCT_BUNDLE_IDENTIFIER = "Ruslan-Shigapov.FullOfLife";
				PRODUCT_NAME = "$(TARGET_NAME)";
				SUPPORTED_PLATFORMS = "iphoneos iphonesimulator";
				SUPPORTS_MACCATALYST = NO;
				SUPPORTS_MAC_DESIGNED_FOR_IPHONE_IPAD = NO;
				SWIFT_EMIT_LOC_STRINGS = YES;
				SWIFT_VERSION = 5.0;
				TARGETED_DEVICE_FAMILY = 1;
			};
			name = Release;
		};
		E41852C12A9766A900FE810E /* Debug */ = {
			isa = XCBuildConfiguration;
			buildSettings = {
				ALWAYS_EMBED_SWIFT_STANDARD_LIBRARIES = YES;
				BUNDLE_LOADER = "$(TEST_HOST)";
				CODE_SIGN_STYLE = Automatic;
				CURRENT_PROJECT_VERSION = 1;
				DEVELOPMENT_TEAM = X7QDNJU74Z;
				GENERATE_INFOPLIST_FILE = YES;
				IPHONEOS_DEPLOYMENT_TARGET = 16.4;
				MARKETING_VERSION = 1.0;
				PRODUCT_BUNDLE_IDENTIFIER = "Ruslan-Shigapov.FullOfLifeTests";
				PRODUCT_NAME = "$(TARGET_NAME)";
				SWIFT_EMIT_LOC_STRINGS = NO;
				SWIFT_VERSION = 5.0;
				TARGETED_DEVICE_FAMILY = "1,2";
				TEST_HOST = "$(BUILT_PRODUCTS_DIR)/FullOfLife.app/$(BUNDLE_EXECUTABLE_FOLDER_PATH)/FullOfLife";
			};
			name = Debug;
		};
		E41852C22A9766A900FE810E /* Release */ = {
			isa = XCBuildConfiguration;
			buildSettings = {
				ALWAYS_EMBED_SWIFT_STANDARD_LIBRARIES = YES;
				BUNDLE_LOADER = "$(TEST_HOST)";
				CODE_SIGN_STYLE = Automatic;
				CURRENT_PROJECT_VERSION = 1;
				DEVELOPMENT_TEAM = X7QDNJU74Z;
				GENERATE_INFOPLIST_FILE = YES;
				IPHONEOS_DEPLOYMENT_TARGET = 16.4;
				MARKETING_VERSION = 1.0;
				PRODUCT_BUNDLE_IDENTIFIER = "Ruslan-Shigapov.FullOfLifeTests";
				PRODUCT_NAME = "$(TARGET_NAME)";
				SWIFT_EMIT_LOC_STRINGS = NO;
				SWIFT_VERSION = 5.0;
				TARGETED_DEVICE_FAMILY = "1,2";
				TEST_HOST = "$(BUILT_PRODUCTS_DIR)/FullOfLife.app/$(BUNDLE_EXECUTABLE_FOLDER_PATH)/FullOfLife";
			};
			name = Release;
		};
		E41852C42A9766A900FE810E /* Debug */ = {
			isa = XCBuildConfiguration;
			buildSettings = {
				ALWAYS_EMBED_SWIFT_STANDARD_LIBRARIES = YES;
				CODE_SIGN_STYLE = Automatic;
				CURRENT_PROJECT_VERSION = 1;
				DEVELOPMENT_TEAM = X7QDNJU74Z;
				GENERATE_INFOPLIST_FILE = YES;
				MARKETING_VERSION = 1.0;
				PRODUCT_BUNDLE_IDENTIFIER = "Ruslan-Shigapov.FullOfLifeUITests";
				PRODUCT_NAME = "$(TARGET_NAME)";
				SWIFT_EMIT_LOC_STRINGS = NO;
				SWIFT_VERSION = 5.0;
				TARGETED_DEVICE_FAMILY = "1,2";
				TEST_TARGET_NAME = FullOfLife;
			};
			name = Debug;
		};
		E41852C52A9766A900FE810E /* Release */ = {
			isa = XCBuildConfiguration;
			buildSettings = {
				ALWAYS_EMBED_SWIFT_STANDARD_LIBRARIES = YES;
				CODE_SIGN_STYLE = Automatic;
				CURRENT_PROJECT_VERSION = 1;
				DEVELOPMENT_TEAM = X7QDNJU74Z;
				GENERATE_INFOPLIST_FILE = YES;
				MARKETING_VERSION = 1.0;
				PRODUCT_BUNDLE_IDENTIFIER = "Ruslan-Shigapov.FullOfLifeUITests";
				PRODUCT_NAME = "$(TARGET_NAME)";
				SWIFT_EMIT_LOC_STRINGS = NO;
				SWIFT_VERSION = 5.0;
				TARGETED_DEVICE_FAMILY = "1,2";
				TEST_TARGET_NAME = FullOfLife;
			};
			name = Release;
		};
/* End XCBuildConfiguration section */

/* Begin XCConfigurationList section */
		E418528B2A9766A700FE810E /* Build configuration list for PBXProject "FullOfLife" */ = {
			isa = XCConfigurationList;
			buildConfigurations = (
				E41852BB2A9766A900FE810E /* Debug */,
				E41852BC2A9766A900FE810E /* Release */,
			);
			defaultConfigurationIsVisible = 0;
			defaultConfigurationName = Release;
		};
		E41852BD2A9766A900FE810E /* Build configuration list for PBXNativeTarget "FullOfLife" */ = {
			isa = XCConfigurationList;
			buildConfigurations = (
				E41852BE2A9766A900FE810E /* Debug */,
				E41852BF2A9766A900FE810E /* Release */,
			);
			defaultConfigurationIsVisible = 0;
			defaultConfigurationName = Release;
		};
		E41852C02A9766A900FE810E /* Build configuration list for PBXNativeTarget "FullOfLifeTests" */ = {
			isa = XCConfigurationList;
			buildConfigurations = (
				E41852C12A9766A900FE810E /* Debug */,
				E41852C22A9766A900FE810E /* Release */,
			);
			defaultConfigurationIsVisible = 0;
			defaultConfigurationName = Release;
		};
		E41852C32A9766A900FE810E /* Build configuration list for PBXNativeTarget "FullOfLifeUITests" */ = {
			isa = XCConfigurationList;
			buildConfigurations = (
				E41852C42A9766A900FE810E /* Debug */,
				E41852C52A9766A900FE810E /* Release */,
			);
			defaultConfigurationIsVisible = 0;
			defaultConfigurationName = Release;
		};
/* End XCConfigurationList section */

/* Begin XCVersionGroup section */
		E418529C2A9766A700FE810E /* FullOfLife.xcdatamodeld */ = {
			isa = XCVersionGroup;
			children = (
				E418529D2A9766A700FE810E /* FullOfLife.xcdatamodel */,
			);
			currentVersion = E418529D2A9766A700FE810E /* FullOfLife.xcdatamodel */;
			path = FullOfLife.xcdatamodeld;
			sourceTree = "<group>";
			versionGroupType = wrapper.xcdatamodel;
		};
/* End XCVersionGroup section */
	};
	rootObject = E41852882A9766A700FE810E /* Project object */;
}
